// !$*UTF8*$!
{
	archiveVersion = 1;
	classes = {
	};
	objectVersion = 56;
	objects = {

/* Begin PBXBuildFile section */
		37BAD6472BC143FF00C94284 /* AppDelegate.swift in Sources */ = {isa = PBXBuildFile; fileRef = 37BAD6462BC143FF00C94284 /* AppDelegate.swift */; };
		37BAD6492BC143FF00C94284 /* SceneDelegate.swift in Sources */ = {isa = PBXBuildFile; fileRef = 37BAD6482BC143FF00C94284 /* SceneDelegate.swift */; };
		37BAD64B2BC143FF00C94284 /* ViewController.swift in Sources */ = {isa = PBXBuildFile; fileRef = 37BAD64A2BC143FF00C94284 /* ViewController.swift */; };
		37BAD64E2BC143FF00C94284 /* Main.storyboard in Resources */ = {isa = PBXBuildFile; fileRef = 37BAD64C2BC143FF00C94284 /* Main.storyboard */; };
		37BAD6502BC1440100C94284 /* Assets.xcassets in Resources */ = {isa = PBXBuildFile; fileRef = 37BAD64F2BC1440100C94284 /* Assets.xcassets */; };
		37BAD6532BC1440100C94284 /* LaunchScreen.storyboard in Resources */ = {isa = PBXBuildFile; fileRef = 37BAD6512BC1440100C94284 /* LaunchScreen.storyboard */; };
		37BAD65E2BC1440100C94284 /* github_appTests.swift in Sources */ = {isa = PBXBuildFile; fileRef = 37BAD65D2BC1440100C94284 /* github_appTests.swift */; };
		37BAD6682BC1440100C94284 /* github_appUITests.swift in Sources */ = {isa = PBXBuildFile; fileRef = 37BAD6672BC1440100C94284 /* github_appUITests.swift */; };
		37BAD66A2BC1440100C94284 /* github_appUITestsLaunchTests.swift in Sources */ = {isa = PBXBuildFile; fileRef = 37BAD6692BC1440100C94284 /* github_appUITestsLaunchTests.swift */; };
/* End PBXBuildFile section */

/* Begin PBXContainerItemProxy section */
		37BAD65A2BC1440100C94284 /* PBXContainerItemProxy */ = {
			isa = PBXContainerItemProxy;
			containerPortal = 37BAD63B2BC143FF00C94284 /* Project object */;
			proxyType = 1;
			remoteGlobalIDString = 37BAD6422BC143FF00C94284;
			remoteInfo = "github app";
		};
		37BAD6642BC1440100C94284 /* PBXContainerItemProxy */ = {
			isa = PBXContainerItemProxy;
			containerPortal = 37BAD63B2BC143FF00C94284 /* Project object */;
			proxyType = 1;
			remoteGlobalIDString = 37BAD6422BC143FF00C94284;
			remoteInfo = "github app";
		};
/* End PBXContainerItemProxy section */

/* Begin PBXFileReference section */
		37BAD6432BC143FF00C94284 /* github app.app */ = {isa = PBXFileReference; explicitFileType = wrapper.application; includeInIndex = 0; path = "github app.app"; sourceTree = BUILT_PRODUCTS_DIR; };
		37BAD6462BC143FF00C94284 /* AppDelegate.swift */ = {isa = PBXFileReference; lastKnownFileType = sourcecode.swift; path = AppDelegate.swift; sourceTree = "<group>"; };
		37BAD6482BC143FF00C94284 /* SceneDelegate.swift */ = {isa = PBXFileReference; lastKnownFileType = sourcecode.swift; path = SceneDelegate.swift; sourceTree = "<group>"; };
		37BAD64A2BC143FF00C94284 /* ViewController.swift */ = {isa = PBXFileReference; lastKnownFileType = sourcecode.swift; path = ViewController.swift; sourceTree = "<group>"; };
		37BAD64D2BC143FF00C94284 /* Base */ = {isa = PBXFileReference; lastKnownFileType = file.storyboard; name = Base; path = Base.lproj/Main.storyboard; sourceTree = "<group>"; };
		37BAD64F2BC1440100C94284 /* Assets.xcassets */ = {isa = PBXFileReference; lastKnownFileType = folder.assetcatalog; path = Assets.xcassets; sourceTree = "<group>"; };
		37BAD6522BC1440100C94284 /* Base */ = {isa = PBXFileReference; lastKnownFileType = file.storyboard; name = Base; path = Base.lproj/LaunchScreen.storyboard; sourceTree = "<group>"; };
		37BAD6542BC1440100C94284 /* Info.plist */ = {isa = PBXFileReference; lastKnownFileType = text.plist.xml; path = Info.plist; sourceTree = "<group>"; };
		37BAD6592BC1440100C94284 /* github appTests.xctest */ = {isa = PBXFileReference; explicitFileType = wrapper.cfbundle; includeInIndex = 0; path = "github appTests.xctest"; sourceTree = BUILT_PRODUCTS_DIR; };
		37BAD65D2BC1440100C94284 /* github_appTests.swift */ = {isa = PBXFileReference; lastKnownFileType = sourcecode.swift; path = github_appTests.swift; sourceTree = "<group>"; };
		37BAD6632BC1440100C94284 /* github appUITests.xctest */ = {isa = PBXFileReference; explicitFileType = wrapper.cfbundle; includeInIndex = 0; path = "github appUITests.xctest"; sourceTree = BUILT_PRODUCTS_DIR; };
		37BAD6672BC1440100C94284 /* github_appUITests.swift */ = {isa = PBXFileReference; lastKnownFileType = sourcecode.swift; path = github_appUITests.swift; sourceTree = "<group>"; };
		37BAD6692BC1440100C94284 /* github_appUITestsLaunchTests.swift */ = {isa = PBXFileReference; lastKnownFileType = sourcecode.swift; path = github_appUITestsLaunchTests.swift; sourceTree = "<group>"; };
/* End PBXFileReference section */

/* Begin PBXFrameworksBuildPhase section */
		37BAD6402BC143FF00C94284 /* Frameworks */ = {
			isa = PBXFrameworksBuildPhase;
			buildActionMask = 2147483647;
			files = (
			);
			runOnlyForDeploymentPostprocessing = 0;
		};
		37BAD6562BC1440100C94284 /* Frameworks */ = {
			isa = PBXFrameworksBuildPhase;
			buildActionMask = 2147483647;
			files = (
			);
			runOnlyForDeploymentPostprocessing = 0;
		};
		37BAD6602BC1440100C94284 /* Frameworks */ = {
			isa = PBXFrameworksBuildPhase;
			buildActionMask = 2147483647;
			files = (
			);
			runOnlyForDeploymentPostprocessing = 0;
		};
/* End PBXFrameworksBuildPhase section */

/* Begin PBXGroup section */
		37BAD63A2BC143FF00C94284 = {
			isa = PBXGroup;
			children = (
				37BAD6452BC143FF00C94284 /* github app */,
				37BAD65C2BC1440100C94284 /* github appTests */,
				37BAD6662BC1440100C94284 /* github appUITests */,
				37BAD6442BC143FF00C94284 /* Products */,
			);
			sourceTree = "<group>";
		};
		37BAD6442BC143FF00C94284 /* Products */ = {
			isa = PBXGroup;
			children = (
				37BAD6432BC143FF00C94284 /* github app.app */,
				37BAD6592BC1440100C94284 /* github appTests.xctest */,
				37BAD6632BC1440100C94284 /* github appUITests.xctest */,
			);
			name = Products;
			sourceTree = "<group>";
		};
		37BAD6452BC143FF00C94284 /* github app */ = {
			isa = PBXGroup;
			children = (
				37BAD6462BC143FF00C94284 /* AppDelegate.swift */,
				37BAD6482BC143FF00C94284 /* SceneDelegate.swift */,
				37BAD64A2BC143FF00C94284 /* ViewController.swift */,
				37BAD64C2BC143FF00C94284 /* Main.storyboard */,
				37BAD64F2BC1440100C94284 /* Assets.xcassets */,
				37BAD6512BC1440100C94284 /* LaunchScreen.storyboard */,
				37BAD6542BC1440100C94284 /* Info.plist */,
			);
			path = "github app";
			sourceTree = "<group>";
		};
		37BAD65C2BC1440100C94284 /* github appTests */ = {
			isa = PBXGroup;
			children = (
				37BAD65D2BC1440100C94284 /* github_appTests.swift */,
			);
			path = "github appTests";
			sourceTree = "<group>";
		};
		37BAD6662BC1440100C94284 /* github appUITests */ = {
			isa = PBXGroup;
			children = (
				37BAD6672BC1440100C94284 /* github_appUITests.swift */,
				37BAD6692BC1440100C94284 /* github_appUITestsLaunchTests.swift */,
			);
			path = "github appUITests";
			sourceTree = "<group>";
		};
/* End PBXGroup section */

/* Begin PBXNativeTarget section */
		37BAD6422BC143FF00C94284 /* github app */ = {
			isa = PBXNativeTarget;
			buildConfigurationList = 37BAD66D2BC1440100C94284 /* Build configuration list for PBXNativeTarget "github app" */;
			buildPhases = (
				37BAD63F2BC143FF00C94284 /* Sources */,
				37BAD6402BC143FF00C94284 /* Frameworks */,
				37BAD6412BC143FF00C94284 /* Resources */,
			);
			buildRules = (
			);
			dependencies = (
			);
			name = "github app";
			productName = "github app";
			productReference = 37BAD6432BC143FF00C94284 /* github app.app */;
			productType = "com.apple.product-type.application";
		};
		37BAD6582BC1440100C94284 /* github appTests */ = {
			isa = PBXNativeTarget;
			buildConfigurationList = 37BAD6702BC1440100C94284 /* Build configuration list for PBXNativeTarget "github appTests" */;
			buildPhases = (
				37BAD6552BC1440100C94284 /* Sources */,
				37BAD6562BC1440100C94284 /* Frameworks */,
				37BAD6572BC1440100C94284 /* Resources */,
			);
			buildRules = (
			);
			dependencies = (
				37BAD65B2BC1440100C94284 /* PBXTargetDependency */,
			);
			name = "github appTests";
			productName = "github appTests";
			productReference = 37BAD6592BC1440100C94284 /* github appTests.xctest */;
			productType = "com.apple.product-type.bundle.unit-test";
		};
		37BAD6622BC1440100C94284 /* github appUITests */ = {
			isa = PBXNativeTarget;
			buildConfigurationList = 37BAD6732BC1440100C94284 /* Build configuration list for PBXNativeTarget "github appUITests" */;
			buildPhases = (
				37BAD65F2BC1440100C94284 /* Sources */,
				37BAD6602BC1440100C94284 /* Frameworks */,
				37BAD6612BC1440100C94284 /* Resources */,
			);
			buildRules = (
			);
			dependencies = (
				37BAD6652BC1440100C94284 /* PBXTargetDependency */,
			);
			name = "github appUITests";
			productName = "github appUITests";
			productReference = 37BAD6632BC1440100C94284 /* github appUITests.xctest */;
			productType = "com.apple.product-type.bundle.ui-testing";
		};
/* End PBXNativeTarget section */

/* Begin PBXProject section */
		37BAD63B2BC143FF00C94284 /* Project object */ = {
			isa = PBXProject;
			attributes = {
				BuildIndependentTargetsInParallel = 1;
				LastSwiftUpdateCheck = 1520;
				LastUpgradeCheck = 1520;
				TargetAttributes = {
					37BAD6422BC143FF00C94284 = {
						CreatedOnToolsVersion = 15.2;
					};
					37BAD6582BC1440100C94284 = {
						CreatedOnToolsVersion = 15.2;
						TestTargetID = 37BAD6422BC143FF00C94284;
					};
					37BAD6622BC1440100C94284 = {
						CreatedOnToolsVersion = 15.2;
						TestTargetID = 37BAD6422BC143FF00C94284;
					};
				};
			};
			buildConfigurationList = 37BAD63E2BC143FF00C94284 /* Build configuration list for PBXProject "github app" */;
			compatibilityVersion = "Xcode 14.0";
			developmentRegion = en;
			hasScannedForEncodings = 0;
			knownRegions = (
				en,
				Base,
			);
			mainGroup = 37BAD63A2BC143FF00C94284;
			productRefGroup = 37BAD6442BC143FF00C94284 /* Products */;
			projectDirPath = "";
			projectRoot = "";
			targets = (
				37BAD6422BC143FF00C94284 /* github app */,
				37BAD6582BC1440100C94284 /* github appTests */,
				37BAD6622BC1440100C94284 /* github appUITests */,
			);
		};
/* End PBXProject section */

/* Begin PBXResourcesBuildPhase section */
		37BAD6412BC143FF00C94284 /* Resources */ = {
			isa = PBXResourcesBuildPhase;
			buildActionMask = 2147483647;
			files = (
				37BAD6532BC1440100C94284 /* LaunchScreen.storyboard in Resources */,
				37BAD6502BC1440100C94284 /* Assets.xcassets in Resources */,
				37BAD64E2BC143FF00C94284 /* Main.storyboard in Resources */,
			);
			runOnlyForDeploymentPostprocessing = 0;
		};
		37BAD6572BC1440100C94284 /* Resources */ = {
			isa = PBXResourcesBuildPhase;
			buildActionMask = 2147483647;
			files = (
			);
			runOnlyForDeploymentPostprocessing = 0;
		};
		37BAD6612BC1440100C94284 /* Resources */ = {
			isa = PBXResourcesBuildPhase;
			buildActionMask = 2147483647;
			files = (
			);
			runOnlyForDeploymentPostprocessing = 0;
		};
/* End PBXResourcesBuildPhase section */

/* Begin PBXSourcesBuildPhase section */
		37BAD63F2BC143FF00C94284 /* Sources */ = {
			isa = PBXSourcesBuildPhase;
			buildActionMask = 2147483647;
			files = (
				37BAD64B2BC143FF00C94284 /* ViewController.swift in Sources */,
				37BAD6472BC143FF00C94284 /* AppDelegate.swift in Sources */,
				37BAD6492BC143FF00C94284 /* SceneDelegate.swift in Sources */,
			);
			runOnlyForDeploymentPostprocessing = 0;
		};
		37BAD6552BC1440100C94284 /* Sources */ = {
			isa = PBXSourcesBuildPhase;
			buildActionMask = 2147483647;
			files = (
				37BAD65E2BC1440100C94284 /* github_appTests.swift in Sources */,
			);
			runOnlyForDeploymentPostprocessing = 0;
		};
		37BAD65F2BC1440100C94284 /* Sources */ = {
			isa = PBXSourcesBuildPhase;
			buildActionMask = 2147483647;
			files = (
				37BAD6682BC1440100C94284 /* github_appUITests.swift in Sources */,
				37BAD66A2BC1440100C94284 /* github_appUITestsLaunchTests.swift in Sources */,
			);
			runOnlyForDeploymentPostprocessing = 0;
		};
/* End PBXSourcesBuildPhase section */

/* Begin PBXTargetDependency section */
		37BAD65B2BC1440100C94284 /* PBXTargetDependency */ = {
			isa = PBXTargetDependency;
			target = 37BAD6422BC143FF00C94284 /* github app */;
			targetProxy = 37BAD65A2BC1440100C94284 /* PBXContainerItemProxy */;
		};
		37BAD6652BC1440100C94284 /* PBXTargetDependency */ = {
			isa = PBXTargetDependency;
			target = 37BAD6422BC143FF00C94284 /* github app */;
			targetProxy = 37BAD6642BC1440100C94284 /* PBXContainerItemProxy */;
		};
/* End PBXTargetDependency section */

/* Begin PBXVariantGroup section */
		37BAD64C2BC143FF00C94284 /* Main.storyboard */ = {
			isa = PBXVariantGroup;
			children = (
				37BAD64D2BC143FF00C94284 /* Base */,
			);
			name = Main.storyboard;
			sourceTree = "<group>";
		};
		37BAD6512BC1440100C94284 /* LaunchScreen.storyboard */ = {
			isa = PBXVariantGroup;
			children = (
				37BAD6522BC1440100C94284 /* Base */,
			);
			name = LaunchScreen.storyboard;
			sourceTree = "<group>";
		};
/* End PBXVariantGroup section */

/* Begin XCBuildConfiguration section */
		37BAD66B2BC1440100C94284 /* Debug */ = {
			isa = XCBuildConfiguration;
			buildSettings = {
				ALWAYS_SEARCH_USER_PATHS = NO;
				ASSETCATALOG_COMPILER_GENERATE_SWIFT_ASSET_SYMBOL_EXTENSIONS = YES;
				CLANG_ANALYZER_NONNULL = YES;
				CLANG_ANALYZER_NUMBER_OBJECT_CONVERSION = YES_AGGRESSIVE;
				CLANG_CXX_LANGUAGE_STANDARD = "gnu++20";
				CLANG_ENABLE_MODULES = YES;
				CLANG_ENABLE_OBJC_ARC = YES;
				CLANG_ENABLE_OBJC_WEAK = YES;
				CLANG_WARN_BLOCK_CAPTURE_AUTORELEASING = YES;
				CLANG_WARN_BOOL_CONVERSION = YES;
				CLANG_WARN_COMMA = YES;
				CLANG_WARN_CONSTANT_CONVERSION = YES;
				CLANG_WARN_DEPRECATED_OBJC_IMPLEMENTATIONS = YES;
				CLANG_WARN_DIRECT_OBJC_ISA_USAGE = YES_ERROR;
				CLANG_WARN_DOCUMENTATION_COMMENTS = YES;
				CLANG_WARN_EMPTY_BODY = YES;
				CLANG_WARN_ENUM_CONVERSION = YES;
				CLANG_WARN_INFINITE_RECURSION = YES;
				CLANG_WARN_INT_CONVERSION = YES;
				CLANG_WARN_NON_LITERAL_NULL_CONVERSION = YES;
				CLANG_WARN_OBJC_IMPLICIT_RETAIN_SELF = YES;
				CLANG_WARN_OBJC_LITERAL_CONVERSION = YES;
				CLANG_WARN_OBJC_ROOT_CLASS = YES_ERROR;
				CLANG_WARN_QUOTED_INCLUDE_IN_FRAMEWORK_HEADER = YES;
				CLANG_WARN_RANGE_LOOP_ANALYSIS = YES;
				CLANG_WARN_STRICT_PROTOTYPES = YES;
				CLANG_WARN_SUSPICIOUS_MOVE = YES;
				CLANG_WARN_UNGUARDED_AVAILABILITY = YES_AGGRESSIVE;
				CLANG_WARN_UNREACHABLE_CODE = YES;
				CLANG_WARN__DUPLICATE_METHOD_MATCH = YES;
				COPY_PHASE_STRIP = NO;
				DEBUG_INFORMATION_FORMAT = dwarf;
				ENABLE_STRICT_OBJC_MSGSEND = YES;
				ENABLE_TESTABILITY = YES;
				ENABLE_USER_SCRIPT_SANDBOXING = YES;
				GCC_C_LANGUAGE_STANDARD = gnu17;
				GCC_DYNAMIC_NO_PIC = NO;
				GCC_NO_COMMON_BLOCKS = YES;
				GCC_OPTIMIZATION_LEVEL = 0;
				GCC_PREPROCESSOR_DEFINITIONS = (
					"DEBUG=1",
					"$(inherited)",
				);
				GCC_WARN_64_TO_32_BIT_CONVERSION = YES;
				GCC_WARN_ABOUT_RETURN_TYPE = YES_ERROR;
				GCC_WARN_UNDECLARED_SELECTOR = YES;
				GCC_WARN_UNINITIALIZED_AUTOS = YES_AGGRESSIVE;
				GCC_WARN_UNUSED_FUNCTION = YES;
				GCC_WARN_UNUSED_VARIABLE = YES;
				IPHONEOS_DEPLOYMENT_TARGET = 17.2;
				LOCALIZATION_PREFERS_STRING_CATALOGS = YES;
				MTL_ENABLE_DEBUG_INFO = INCLUDE_SOURCE;
				MTL_FAST_MATH = YES;
				ONLY_ACTIVE_ARCH = YES;
				SDKROOT = iphoneos;
				SWIFT_ACTIVE_COMPILATION_CONDITIONS = "DEBUG $(inherited)";
				SWIFT_OPTIMIZATION_LEVEL = "-Onone";
			};
			name = Debug;
		};
		37BAD66C2BC1440100C94284 /* Release */ = {
			isa = XCBuildConfiguration;
			buildSettings = {
				ALWAYS_SEARCH_USER_PATHS = NO;
				ASSETCATALOG_COMPILER_GENERATE_SWIFT_ASSET_SYMBOL_EXTENSIONS = YES;
				CLANG_ANALYZER_NONNULL = YES;
				CLANG_ANALYZER_NUMBER_OBJECT_CONVERSION = YES_AGGRESSIVE;
				CLANG_CXX_LANGUAGE_STANDARD = "gnu++20";
				CLANG_ENABLE_MODULES = YES;
				CLANG_ENABLE_OBJC_ARC = YES;
				CLANG_ENABLE_OBJC_WEAK = YES;
				CLANG_WARN_BLOCK_CAPTURE_AUTORELEASING = YES;
				CLANG_WARN_BOOL_CONVERSION = YES;
				CLANG_WARN_COMMA = YES;
				CLANG_WARN_CONSTANT_CONVERSION = YES;
				CLANG_WARN_DEPRECATED_OBJC_IMPLEMENTATIONS = YES;
				CLANG_WARN_DIRECT_OBJC_ISA_USAGE = YES_ERROR;
				CLANG_WARN_DOCUMENTATION_COMMENTS = YES;
				CLANG_WARN_EMPTY_BODY = YES;
				CLANG_WARN_ENUM_CONVERSION = YES;
				CLANG_WARN_INFINITE_RECURSION = YES;
				CLANG_WARN_INT_CONVERSION = YES;
				CLANG_WARN_NON_LITERAL_NULL_CONVERSION = YES;
				CLANG_WARN_OBJC_IMPLICIT_RETAIN_SELF = YES;
				CLANG_WARN_OBJC_LITERAL_CONVERSION = YES;
				CLANG_WARN_OBJC_ROOT_CLASS = YES_ERROR;
				CLANG_WARN_QUOTED_INCLUDE_IN_FRAMEWORK_HEADER = YES;
				CLANG_WARN_RANGE_LOOP_ANALYSIS = YES;
				CLANG_WARN_STRICT_PROTOTYPES = YES;
				CLANG_WARN_SUSPICIOUS_MOVE = YES;
				CLANG_WARN_UNGUARDED_AVAILABILITY = YES_AGGRESSIVE;
				CLANG_WARN_UNREACHABLE_CODE = YES;
				CLANG_WARN__DUPLICATE_METHOD_MATCH = YES;
				COPY_PHASE_STRIP = NO;
				DEBUG_INFORMATION_FORMAT = "dwarf-with-dsym";
				ENABLE_NS_ASSERTIONS = NO;
				ENABLE_STRICT_OBJC_MSGSEND = YES;
				ENABLE_USER_SCRIPT_SANDBOXING = YES;
				GCC_C_LANGUAGE_STANDARD = gnu17;
				GCC_NO_COMMON_BLOCKS = YES;
				GCC_WARN_64_TO_32_BIT_CONVERSION = YES;
				GCC_WARN_ABOUT_RETURN_TYPE = YES_ERROR;
				GCC_WARN_UNDECLARED_SELECTOR = YES;
				GCC_WARN_UNINITIALIZED_AUTOS = YES_AGGRESSIVE;
				GCC_WARN_UNUSED_FUNCTION = YES;
				GCC_WARN_UNUSED_VARIABLE = YES;
				IPHONEOS_DEPLOYMENT_TARGET = 17.2;
				LOCALIZATION_PREFERS_STRING_CATALOGS = YES;
				MTL_ENABLE_DEBUG_INFO = NO;
				MTL_FAST_MATH = YES;
				SDKROOT = iphoneos;
				SWIFT_COMPILATION_MODE = wholemodule;
				VALIDATE_PRODUCT = YES;
			};
			name = Release;
		};
		37BAD66E2BC1440100C94284 /* Debug */ = {
			isa = XCBuildConfiguration;
			buildSettings = {
				ASSETCATALOG_COMPILER_APPICON_NAME = AppIcon;
				ASSETCATALOG_COMPILER_GLOBAL_ACCENT_COLOR_NAME = AccentColor;
				CODE_SIGN_STYLE = Automatic;
				CURRENT_PROJECT_VERSION = 1;
				GENERATE_INFOPLIST_FILE = YES;
				INFOPLIST_FILE = "github app/Info.plist";
				INFOPLIST_KEY_UIApplicationSupportsIndirectInputEvents = YES;
				INFOPLIST_KEY_UILaunchStoryboardName = LaunchScreen;
				INFOPLIST_KEY_UIMainStoryboardFile = Main;
				INFOPLIST_KEY_UISupportedInterfaceOrientations_iPad = "UIInterfaceOrientationPortrait UIInterfaceOrientationPortraitUpsideDown UIInterfaceOrientationLandscapeLeft UIInterfaceOrientationLandscapeRight";
				INFOPLIST_KEY_UISupportedInterfaceOrientations_iPhone = "UIInterfaceOrientationPortrait UIInterfaceOrientationLandscapeLeft UIInterfaceOrientationLandscapeRight";
				LD_RUNPATH_SEARCH_PATHS = (
					"$(inherited)",
					"@executable_path/Frameworks",
				);
				MARKETING_VERSION = 1.0;
				PRODUCT_BUNDLE_IDENTIFIER = "com.sumskarsystems.pod.github-app";
				PRODUCT_NAME = "$(TARGET_NAME)";
				SWIFT_EMIT_LOC_STRINGS = YES;
				SWIFT_VERSION = 5.0;
				TARGETED_DEVICE_FAMILY = "1,2";
			};
			name = Debug;
		};
		37BAD66F2BC1440100C94284 /* Release */ = {
			isa = XCBuildConfiguration;
			buildSettings = {
				ASSETCATALOG_COMPILER_APPICON_NAME = AppIcon;
				ASSETCATALOG_COMPILER_GLOBAL_ACCENT_COLOR_NAME = AccentColor;
				CODE_SIGN_STYLE = Automatic;
				CURRENT_PROJECT_VERSION = 1;
				GENERATE_INFOPLIST_FILE = YES;
				INFOPLIST_FILE = "github app/Info.plist";
				INFOPLIST_KEY_UIApplicationSupportsIndirectInputEvents = YES;
				INFOPLIST_KEY_UILaunchStoryboardName = LaunchScreen;
				INFOPLIST_KEY_UIMainStoryboardFile = Main;
				INFOPLIST_KEY_UISupportedInterfaceOrientations_iPad = "UIInterfaceOrientationPortrait UIInterfaceOrientationPortraitUpsideDown UIInterfaceOrientationLandscapeLeft UIInterfaceOrientationLandscapeRight";
				INFOPLIST_KEY_UISupportedInterfaceOrientations_iPhone = "UIInterfaceOrientationPortrait UIInterfaceOrientationLandscapeLeft UIInterfaceOrientationLandscapeRight";
				LD_RUNPATH_SEARCH_PATHS = (
					"$(inherited)",
					"@executable_path/Frameworks",
				);
				MARKETING_VERSION = 1.0;
				PRODUCT_BUNDLE_IDENTIFIER = "com.sumskarsystems.pod.github-app";
				PRODUCT_NAME = "$(TARGET_NAME)";
				SWIFT_EMIT_LOC_STRINGS = YES;
				SWIFT_VERSION = 5.0;
				TARGETED_DEVICE_FAMILY = "1,2";
			};
			name = Release;
		};
		37BAD6712BC1440100C94284 /* Debug */ = {
			isa = XCBuildConfiguration;
			buildSettings = {
				ALWAYS_EMBED_SWIFT_STANDARD_LIBRARIES = YES;
				BUNDLE_LOADER = "$(TEST_HOST)";
				CODE_SIGN_STYLE = Automatic;
				CURRENT_PROJECT_VERSION = 1;
				GENERATE_INFOPLIST_FILE = YES;
				IPHONEOS_DEPLOYMENT_TARGET = 17.2;
				MARKETING_VERSION = 1.0;
				PRODUCT_BUNDLE_IDENTIFIER = "com.sumskarsystems.pod.github-appTests";
				PRODUCT_NAME = "$(TARGET_NAME)";
				SWIFT_EMIT_LOC_STRINGS = NO;
				SWIFT_VERSION = 5.0;
				TARGETED_DEVICE_FAMILY = "1,2";
				TEST_HOST = "$(BUILT_PRODUCTS_DIR)/github app.app/$(BUNDLE_EXECUTABLE_FOLDER_PATH)/github app";
			};
			name = Debug;
		};
		37BAD6722BC1440100C94284 /* Release */ = {
			isa = XCBuildConfiguration;
			buildSettings = {
				ALWAYS_EMBED_SWIFT_STANDARD_LIBRARIES = YES;
				BUNDLE_LOADER = "$(TEST_HOST)";
				CODE_SIGN_STYLE = Automatic;
				CURRENT_PROJECT_VERSION = 1;
				GENERATE_INFOPLIST_FILE = YES;
				IPHONEOS_DEPLOYMENT_TARGET = 17.2;
				MARKETING_VERSION = 1.0;
				PRODUCT_BUNDLE_IDENTIFIER = "com.sumskarsystems.pod.github-appTests";
				PRODUCT_NAME = "$(TARGET_NAME)";
				SWIFT_EMIT_LOC_STRINGS = NO;
				SWIFT_VERSION = 5.0;
				TARGETED_DEVICE_FAMILY = "1,2";
				TEST_HOST = "$(BUILT_PRODUCTS_DIR)/github app.app/$(BUNDLE_EXECUTABLE_FOLDER_PATH)/github app";
			};
			name = Release;
		};
		37BAD6742BC1440100C94284 /* Debug */ = {
			isa = XCBuildConfiguration;
			buildSettings = {
				ALWAYS_EMBED_SWIFT_STANDARD_LIBRARIES = YES;
				CODE_SIGN_STYLE = Automatic;
				CURRENT_PROJECT_VERSION = 1;
				GENERATE_INFOPLIST_FILE = YES;
				MARKETING_VERSION = 1.0;
				PRODUCT_BUNDLE_IDENTIFIER = "com.sumskarsystems.pod.github-appUITests";
				PRODUCT_NAME = "$(TARGET_NAME)";
				SWIFT_EMIT_LOC_STRINGS = NO;
				SWIFT_VERSION = 5.0;
				TARGETED_DEVICE_FAMILY = "1,2";
				TEST_TARGET_NAME = "github app";
			};
			name = Debug;
		};
		37BAD6752BC1440100C94284 /* Release */ = {
			isa = XCBuildConfiguration;
			buildSettings = {
				ALWAYS_EMBED_SWIFT_STANDARD_LIBRARIES = YES;
				CODE_SIGN_STYLE = Automatic;
				CURRENT_PROJECT_VERSION = 1;
				GENERATE_INFOPLIST_FILE = YES;
				MARKETING_VERSION = 1.0;
				PRODUCT_BUNDLE_IDENTIFIER = "com.sumskarsystems.pod.github-appUITests";
				PRODUCT_NAME = "$(TARGET_NAME)";
				SWIFT_EMIT_LOC_STRINGS = NO;
				SWIFT_VERSION = 5.0;
				TARGETED_DEVICE_FAMILY = "1,2";
				TEST_TARGET_NAME = "github app";
			};
			name = Release;
		};
/* End XCBuildConfiguration section */

/* Begin XCConfigurationList section */
		37BAD63E2BC143FF00C94284 /* Build configuration list for PBXProject "github app" */ = {
			isa = XCConfigurationList;
			buildConfigurations = (
				37BAD66B2BC1440100C94284 /* Debug */,
				37BAD66C2BC1440100C94284 /* Release */,
			);
			defaultConfigurationIsVisible = 0;
			defaultConfigurationName = Release;
		};
		37BAD66D2BC1440100C94284 /* Build configuration list for PBXNativeTarget "github app" */ = {
			isa = XCConfigurationList;
			buildConfigurations = (
				37BAD66E2BC1440100C94284 /* Debug */,
				37BAD66F2BC1440100C94284 /* Release */,
			);
			defaultConfigurationIsVisible = 0;
			defaultConfigurationName = Release;
		};
		37BAD6702BC1440100C94284 /* Build configuration list for PBXNativeTarget "github appTests" */ = {
			isa = XCConfigurationList;
			buildConfigurations = (
				37BAD6712BC1440100C94284 /* Debug */,
				37BAD6722BC1440100C94284 /* Release */,
			);
			defaultConfigurationIsVisible = 0;
			defaultConfigurationName = Release;
		};
		37BAD6732BC1440100C94284 /* Build configuration list for PBXNativeTarget "github appUITests" */ = {
			isa = XCConfigurationList;
			buildConfigurations = (
				37BAD6742BC1440100C94284 /* Debug */,
				37BAD6752BC1440100C94284 /* Release */,
			);
			defaultConfigurationIsVisible = 0;
			defaultConfigurationName = Release;
		};
/* End XCConfigurationList section */
	};
	rootObject = 37BAD63B2BC143FF00C94284 /* Project object */;
}
